
Microsoft Visual Studio Solution File, Format Version 12.00
# Visual Studio 15
VisualStudioVersion = 15.0.27130.2027
MinimumVisualStudioVersion = 10.0.40219.1
Project("{FAE04EC0-301F-11D3-BF4B-00C04F79EFBC}") = "InteractiveCard", "InteractiveCard\InteractiveCard.csproj", "{23C65AB5-7B82-4BF4-B11E-DBC4AC65FE54}"
EndProject
Global
	GlobalSection(SolutionConfigurationPlatforms) = preSolution
		Debug|Any CPU = Debug|Any CPU
		Release|Any CPU = Release|Any CPU
	EndGlobalSection
	GlobalSection(ProjectConfigurationPlatforms) = postSolution
		{23C65AB5-7B82-4BF4-B11E-DBC4AC65FE54}.Debug|Any CPU.ActiveCfg = Debug|Any CPU
		{23C65AB5-7B82-4BF4-B11E-DBC4AC65FE54}.Debug|Any CPU.Build.0 = Debug|Any CPU
		{23C65AB5-7B82-4BF4-B11E-DBC4AC65FE54}.Release|Any CPU.ActiveCfg = Release|Any CPU
		{23C65AB5-7B82-4BF4-B11E-DBC4AC65FE54}.Release|Any CPU.Build.0 = Release|Any CPU
	EndGlobalSection
	GlobalSection(SolutionProperties) = preSolution
		HideSolutionNode = FALSE
	EndGlobalSection
	GlobalSection(ExtensibilityGlobals) = postSolution
		SolutionGuid = {AF6DACD5-3944-4FBD-A04C-5BBDA508FDBE}
	EndGlobalSection
EndGlobal
